
Microsoft Visual Studio Solution File, Format Version 12.00
# Visual Studio Version 17
VisualStudioVersion = 17.3.32819.101
MinimumVisualStudioVersion = 10.0.40219.1
Project("{FAE04EC0-301F-11D3-BF4B-00C04F79EFBC}") = "uppgift 4.23", "uppgift 4.23\uppgift 4.23.csproj", "{897777EB-C18A-4110-BEF2-9C9746BB4956}"
EndProject
Global
	GlobalSection(SolutionConfigurationPlatforms) = preSolution
		Debug|Any CPU = Debug|Any CPU
		Release|Any CPU = Release|Any CPU
	EndGlobalSection
	GlobalSection(ProjectConfigurationPlatforms) = postSolution
		{897777EB-C18A-4110-BEF2-9C9746BB4956}.Debug|Any CPU.ActiveCfg = Debug|Any CPU
		{897777EB-C18A-4110-BEF2-9C9746BB4956}.Debug|Any CPU.Build.0 = Debug|Any CPU
		{897777EB-C18A-4110-BEF2-9C9746BB4956}.Release|Any CPU.ActiveCfg = Release|Any CPU
		{897777EB-C18A-4110-BEF2-9C9746BB4956}.Release|Any CPU.Build.0 = Release|Any CPU
	EndGlobalSection
	GlobalSection(SolutionProperties) = preSolution
		HideSolutionNode = FALSE
	EndGlobalSection
	GlobalSection(ExtensibilityGlobals) = postSolution
		SolutionGuid = {6F72133E-0BF8-44D3-8868-EE94F4D9223D}
	EndGlobalSection
EndGlobal
